
Microsoft Visual Studio Solution File, Format Version 12.00
# Visual Studio Version 17
VisualStudioVersion = 17.5.002.0
MinimumVisualStudioVersion = 10.0.40219.1
Project("{9A19103F-16F7-4668-BE54-9A1E7A4F7556}") = "Restaurants.Api", "Restaurants.Api\Restaurants.Api.csproj", "{C44349B1-8E7A-4D48-BC9B-BFC73F8F3B54}"
EndProject
Project("{FAE04EC0-301F-11D3-BF4B-00C04F79EFBC}") = "Restaurants.Domain", "Restaurants.Domain\Restaurants.Domain.csproj", "{97F76A1A-5CD5-4965-99BE-9A2C33F8C60C}"
EndProject
Project("{FAE04EC0-301F-11D3-BF4B-00C04F79EFBC}") = "Restaurants.Application", "Restaurants.Application\Restaurants.Application.csproj", "{7A6616A3-D516-418E-8A77-E07D65F247A9}"
EndProject
Project("{FAE04EC0-301F-11D3-BF4B-00C04F79EFBC}") = "Restaurants.Infrastructure", "Restaurants.Infrastructure\Restaurants.Infrastructure.csproj", "{0272227B-56CD-427D-BC8E-CC24D54E222C}"
EndProject
Project("{FAE04EC0-301F-11D3-BF4B-00C04F79EFBC}") = "Restaurants.Application.Tests", "Restaurant.Application.Tests\Restaurants.Application.Tests.csproj", "{31492026-25DA-4C59-B482-56D9272E1554}"
EndProject
Global
	GlobalSection(SolutionConfigurationPlatforms) = preSolution
		Debug|Any CPU = Debug|Any CPU
		Release|Any CPU = Release|Any CPU
	EndGlobalSection
	GlobalSection(ProjectConfigurationPlatforms) = postSolution
		{C44349B1-8E7A-4D48-BC9B-BFC73F8F3B54}.Debug|Any CPU.ActiveCfg = Debug|Any CPU
		{C44349B1-8E7A-4D48-BC9B-BFC73F8F3B54}.Debug|Any CPU.Build.0 = Debug|Any CPU
		{C44349B1-8E7A-4D48-BC9B-BFC73F8F3B54}.Release|Any CPU.ActiveCfg = Release|Any CPU
		{C44349B1-8E7A-4D48-BC9B-BFC73F8F3B54}.Release|Any CPU.Build.0 = Release|Any CPU
		{97F76A1A-5CD5-4965-99BE-9A2C33F8C60C}.Debug|Any CPU.ActiveCfg = Debug|Any CPU
		{97F76A1A-5CD5-4965-99BE-9A2C33F8C60C}.Debug|Any CPU.Build.0 = Debug|Any CPU
		{97F76A1A-5CD5-4965-99BE-9A2C33F8C60C}.Release|Any CPU.ActiveCfg = Release|Any CPU
		{97F76A1A-5CD5-4965-99BE-9A2C33F8C60C}.Release|Any CPU.Build.0 = Release|Any CPU
		{7A6616A3-D516-418E-8A77-E07D65F247A9}.Debug|Any CPU.ActiveCfg = Debug|Any CPU
		{7A6616A3-D516-418E-8A77-E07D65F247A9}.Debug|Any CPU.Build.0 = Debug|Any CPU
		{7A6616A3-D516-418E-8A77-E07D65F247A9}.Release|Any CPU.ActiveCfg = Release|Any CPU
		{7A6616A3-D516-418E-8A77-E07D65F247A9}.Release|Any CPU.Build.0 = Release|Any CPU
		{0272227B-56CD-427D-BC8E-CC24D54E222C}.Debug|Any CPU.ActiveCfg = Debug|Any CPU
		{0272227B-56CD-427D-BC8E-CC24D54E222C}.Debug|Any CPU.Build.0 = Debug|Any CPU
		{0272227B-56CD-427D-BC8E-CC24D54E222C}.Release|Any CPU.ActiveCfg = Release|Any CPU
		{0272227B-56CD-427D-BC8E-CC24D54E222C}.Release|Any CPU.Build.0 = Release|Any CPU
		{31492026-25DA-4C59-B482-56D9272E1554}.Debug|Any CPU.ActiveCfg = Debug|Any CPU
		{31492026-25DA-4C59-B482-56D9272E1554}.Debug|Any CPU.Build.0 = Debug|Any CPU
		{31492026-25DA-4C59-B482-56D9272E1554}.Release|Any CPU.ActiveCfg = Release|Any CPU
		{31492026-25DA-4C59-B482-56D9272E1554}.Release|Any CPU.Build.0 = Release|Any CPU
	EndGlobalSection
	GlobalSection(SolutionProperties) = preSolution
		HideSolutionNode = FALSE
	EndGlobalSection
	GlobalSection(ExtensibilityGlobals) = postSolution
		SolutionGuid = {C76F2FAE-CCB9-40C4-B7F4-07FF380C096A}
	EndGlobalSection
EndGlobal
